
Microsoft Visual Studio Solution File, Format Version 12.00
# Visual Studio 15
VisualStudioVersion = 15.0.27130.2036
MinimumVisualStudioVersion = 10.0.40219.1
Project("{888888A0-9F3D-457C-B088-3A5042F75D52}") = "CPSC-254-Project", "CPSC-254-Project.pyproj", "{871F02E1-BA93-48A2-BD74-88F13A02791E}"
EndProject
Global
	GlobalSection(SolutionConfigurationPlatforms) = preSolution
		Debug|Any CPU = Debug|Any CPU
		Release|Any CPU = Release|Any CPU
	EndGlobalSection
	GlobalSection(ProjectConfigurationPlatforms) = postSolution
		{871F02E1-BA93-48A2-BD74-88F13A02791E}.Debug|Any CPU.ActiveCfg = Debug|Any CPU
		{871F02E1-BA93-48A2-BD74-88F13A02791E}.Release|Any CPU.ActiveCfg = Release|Any CPU
	EndGlobalSection
	GlobalSection(SolutionProperties) = preSolution
		HideSolutionNode = FALSE
	EndGlobalSection
	GlobalSection(ExtensibilityGlobals) = postSolution
		SolutionGuid = {3D96E05B-5E9E-4DF0-9317-26105C6730D7}
	EndGlobalSection
EndGlobal
